// !$*UTF8*$!
{
   archiveVersion = "1";
   objects = {
      "Lilliput::Lilliput::Product" = {
         isa = "PBXFileReference";
         path = "Lilliput.framework";
         sourceTree = "BUILT_PRODUCTS_DIR";
      };
      "Lilliput::Lilliput" = {
         isa = "PBXNativeTarget";
         buildConfigurationList = "OBJ_48";
         buildPhases = (
            "OBJ_51",
            "OBJ_67",
         );
         dependencies = (
         );
         name = "Lilliput";
         productName = "Lilliput";
         productReference = "Lilliput::Lilliput::Product";
         productType = "com.apple.product-type.framework";
      };
      "Lilliput::LilliputPackageTests::ProductTarget" = {
         isa = "PBXAggregateTarget";
         buildConfigurationList = "OBJ_69";
         buildPhases = (
         );
         dependencies = (
            "OBJ_72",
         );
         name = "LilliputPackageTests";
         productName = "LilliputPackageTests";
      };
      "Lilliput::LilliputTests::Product" = {
         isa = "PBXFileReference";
         path = "LilliputTests.xctest";
         sourceTree = "BUILT_PRODUCTS_DIR";
      };
      "Lilliput::LilliputTests" = {
         isa = "PBXNativeTarget";
         buildConfigurationList = "OBJ_38";
         buildPhases = (
            "OBJ_41",
            "OBJ_44",
         );
         dependencies = (
            "OBJ_46",
         );
         name = "LilliputTests";
         productName = "LilliputTests";
         productReference = "Lilliput::LilliputTests::Product";
         productType = "com.apple.product-type.bundle.unit-test";
      };
      "Lilliput::SwiftPMPackageDescription" = {
         isa = "PBXNativeTarget";
         buildConfigurationList = "OBJ_32";
         buildPhases = (
            "OBJ_35",
         );
         dependencies = (
         );
         name = "LilliputPackageDescription";
         productName = "LilliputPackageDescription";
         productType = "com.apple.product-type.framework";
      };
      "OBJ_1" = {
         isa = "PBXProject";
         attributes = {
            LastUpgradeCheck = "9999";
         };
         buildConfigurationList = "OBJ_2";
         compatibilityVersion = "Xcode 3.2";
         developmentRegion = "English";
         hasScannedForEncodings = "0";
         knownRegions = (
            "en",
         );
         mainGroup = "OBJ_5";
         productRefGroup = "OBJ_28";
         projectDirPath = ".";
         targets = (
            "Lilliput::SwiftPMPackageDescription",
            "Lilliput::LilliputTests",
            "Lilliput::Lilliput",
            "Lilliput::LilliputPackageTests::ProductTarget",
         );
      };
      "OBJ_10" = {
         isa = "PBXFileReference";
         path = "ByteOrder.swift";
         sourceTree = "<group>";
      };
      "OBJ_11" = {
         isa = "PBXFileReference";
         path = "FileOpenOption.swift";
         sourceTree = "<group>";
      };
      "OBJ_12" = {
         isa = "PBXFileReference";
         path = "FileSystem.swift";
         sourceTree = "<group>";
      };
      "OBJ_13" = {
         isa = "PBXFileReference";
         path = "Memory.swift";
         sourceTree = "<group>";
      };
      "OBJ_14" = {
         isa = "PBXFileReference";
         path = "POSIXError.swift";
         sourceTree = "<group>";
      };
      "OBJ_15" = {
         isa = "PBXFileReference";
         path = "POSIXFileChannel.swift";
         sourceTree = "<group>";
      };
      "OBJ_16" = {
         isa = "PBXFileReference";
         path = "POSIXFileSystem.swift";
         sourceTree = "<group>";
      };
      "OBJ_17" = {
         isa = "PBXFileReference";
         path = "POSIXMemory.swift";
         sourceTree = "<group>";
      };
      "OBJ_18" = {
         isa = "PBXFileReference";
         path = "POSIXUnsafeBuffer.swift";
         sourceTree = "<group>";
      };
      "OBJ_19" = {
         isa = "PBXFileReference";
         path = "ReadableByteChannel.swift";
         sourceTree = "<group>";
      };
      "OBJ_2" = {
         isa = "XCConfigurationList";
         buildConfigurations = (
            "OBJ_3",
            "OBJ_4",
         );
         defaultConfigurationIsVisible = "0";
         defaultConfigurationName = "Debug";
      };
      "OBJ_20" = {
         isa = "PBXFileReference";
         path = "SeekableByteChannel.swift";
         sourceTree = "<group>";
      };
      "OBJ_21" = {
         isa = "PBXFileReference";
         path = "UnsafeBuffer.swift";
         sourceTree = "<group>";
      };
      "OBJ_22" = {
         isa = "PBXFileReference";
         path = "UnsafeOrderedBuffer.swift";
         sourceTree = "<group>";
      };
      "OBJ_23" = {
         isa = "PBXFileReference";
         path = "WritableByteChannel.swift";
         sourceTree = "<group>";
      };
      "OBJ_24" = {
         isa = "PBXGroup";
         children = (
            "OBJ_25",
         );
         name = "Tests";
         path = "";
         sourceTree = "SOURCE_ROOT";
      };
      "OBJ_25" = {
         isa = "PBXGroup";
         children = (
            "OBJ_26",
            "OBJ_27",
         );
         name = "LilliputTests";
         path = "Tests/LilliputTests";
         sourceTree = "SOURCE_ROOT";
      };
      "OBJ_26" = {
         isa = "PBXFileReference";
         path = "ByteOrderTestCase.swift";
         sourceTree = "<group>";
      };
      "OBJ_27" = {
         isa = "PBXFileReference";
         path = "UnsafeOrderedBufferTestCase.swift";
         sourceTree = "<group>";
      };
      "OBJ_28" = {
         isa = "PBXGroup";
         children = (
            "Lilliput::LilliputTests::Product",
            "Lilliput::Lilliput::Product",
         );
         name = "Products";
         path = "";
         sourceTree = "BUILT_PRODUCTS_DIR";
      };
      "OBJ_3" = {
         isa = "XCBuildConfiguration";
         buildSettings = {
            CLANG_ENABLE_OBJC_ARC = "YES";
            COMBINE_HIDPI_IMAGES = "YES";
            COPY_PHASE_STRIP = "NO";
            DEBUG_INFORMATION_FORMAT = "dwarf";
            DYLIB_INSTALL_NAME_BASE = "@rpath";
            ENABLE_NS_ASSERTIONS = "YES";
            GCC_OPTIMIZATION_LEVEL = "0";
            MACOSX_DEPLOYMENT_TARGET = "10.10";
            ONLY_ACTIVE_ARCH = "YES";
            OTHER_SWIFT_FLAGS = (
               "-DXcode",
            );
            PRODUCT_NAME = "$(TARGET_NAME)";
            SDKROOT = "macosx";
            SUPPORTED_PLATFORMS = (
               "macosx",
               "iphoneos",
               "iphonesimulator",
               "appletvos",
               "appletvsimulator",
               "watchos",
               "watchsimulator",
            );
            SWIFT_ACTIVE_COMPILATION_CONDITIONS = "SWIFT_PACKAGE";
            SWIFT_OPTIMIZATION_LEVEL = "-Onone";
            USE_HEADERMAP = "NO";
         };
         name = "Debug";
      };
      "OBJ_32" = {
         isa = "XCConfigurationList";
         buildConfigurations = (
            "OBJ_33",
            "OBJ_34",
         );
         defaultConfigurationIsVisible = "0";
         defaultConfigurationName = "Debug";
      };
      "OBJ_33" = {
         isa = "XCBuildConfiguration";
         buildSettings = {
            LD = "/usr/bin/true";
            OTHER_SWIFT_FLAGS = (
               "-swift-version",
               "4",
               "-I",
               "/home/jkolb/swift-4.0.0/usr/lib/swift/pm/4",
               "-sdk",
               "/",
            );
            SWIFT_VERSION = "4.0";
         };
         name = "Debug";
      };
      "OBJ_34" = {
         isa = "XCBuildConfiguration";
         buildSettings = {
            LD = "/usr/bin/true";
            OTHER_SWIFT_FLAGS = (
               "-swift-version",
               "4",
               "-I",
               "/home/jkolb/swift-4.0.0/usr/lib/swift/pm/4",
               "-sdk",
               "/",
            );
            SWIFT_VERSION = "4.0";
         };
         name = "Release";
      };
      "OBJ_35" = {
         isa = "PBXSourcesBuildPhase";
         files = (
            "OBJ_36",
         );
      };
      "OBJ_36" = {
         isa = "PBXBuildFile";
         fileRef = "OBJ_6";
      };
      "OBJ_38" = {
         isa = "XCConfigurationList";
         buildConfigurations = (
            "OBJ_39",
            "OBJ_40",
         );
         defaultConfigurationIsVisible = "0";
         defaultConfigurationName = "Debug";
      };
      "OBJ_39" = {
         isa = "XCBuildConfiguration";
         buildSettings = {
            EMBEDDED_CONTENT_CONTAINS_SWIFT = "YES";
            FRAMEWORK_SEARCH_PATHS = (
               "$(inherited)",
               "$(PLATFORM_DIR)/Developer/Library/Frameworks",
            );
            HEADER_SEARCH_PATHS = (
               "$(inherited)",
            );
            INFOPLIST_FILE = "Lilliput.xcodeproj/LilliputTests_Info.plist";
            LD_RUNPATH_SEARCH_PATHS = (
               "@loader_path/../Frameworks",
               "@loader_path/Frameworks",
            );
            OTHER_LDFLAGS = (
               "$(inherited)",
            );
            OTHER_SWIFT_FLAGS = (
               "$(inherited)",
            );
            SWIFT_VERSION = "4.0";
            TARGET_NAME = "LilliputTests";
         };
         name = "Debug";
      };
      "OBJ_4" = {
         isa = "XCBuildConfiguration";
         buildSettings = {
            CLANG_ENABLE_OBJC_ARC = "YES";
            COMBINE_HIDPI_IMAGES = "YES";
            COPY_PHASE_STRIP = "YES";
            DEBUG_INFORMATION_FORMAT = "dwarf-with-dsym";
            DYLIB_INSTALL_NAME_BASE = "@rpath";
            GCC_OPTIMIZATION_LEVEL = "s";
            MACOSX_DEPLOYMENT_TARGET = "10.10";
            OTHER_SWIFT_FLAGS = (
               "-DXcode",
            );
            PRODUCT_NAME = "$(TARGET_NAME)";
            SDKROOT = "macosx";
            SUPPORTED_PLATFORMS = (
               "macosx",
               "iphoneos",
               "iphonesimulator",
               "appletvos",
               "appletvsimulator",
               "watchos",
               "watchsimulator",
            );
            SWIFT_ACTIVE_COMPILATION_CONDITIONS = "SWIFT_PACKAGE";
            SWIFT_OPTIMIZATION_LEVEL = "-Owholemodule";
            USE_HEADERMAP = "NO";
         };
         name = "Release";
      };
      "OBJ_40" = {
         isa = "XCBuildConfiguration";
         buildSettings = {
            EMBEDDED_CONTENT_CONTAINS_SWIFT = "YES";
            FRAMEWORK_SEARCH_PATHS = (
               "$(inherited)",
               "$(PLATFORM_DIR)/Developer/Library/Frameworks",
            );
            HEADER_SEARCH_PATHS = (
               "$(inherited)",
            );
            INFOPLIST_FILE = "Lilliput.xcodeproj/LilliputTests_Info.plist";
            LD_RUNPATH_SEARCH_PATHS = (
               "@loader_path/../Frameworks",
               "@loader_path/Frameworks",
            );
            OTHER_LDFLAGS = (
               "$(inherited)",
            );
            OTHER_SWIFT_FLAGS = (
               "$(inherited)",
            );
            SWIFT_VERSION = "4.0";
            TARGET_NAME = "LilliputTests";
         };
         name = "Release";
      };
      "OBJ_41" = {
         isa = "PBXSourcesBuildPhase";
         files = (
            "OBJ_42",
            "OBJ_43",
         );
      };
      "OBJ_42" = {
         isa = "PBXBuildFile";
         fileRef = "OBJ_26";
      };
      "OBJ_43" = {
         isa = "PBXBuildFile";
         fileRef = "OBJ_27";
      };
      "OBJ_44" = {
         isa = "PBXFrameworksBuildPhase";
         files = (
            "OBJ_45",
         );
      };
      "OBJ_45" = {
         isa = "PBXBuildFile";
         fileRef = "Lilliput::Lilliput::Product";
      };
      "OBJ_46" = {
         isa = "PBXTargetDependency";
         target = "Lilliput::Lilliput";
      };
      "OBJ_48" = {
         isa = "XCConfigurationList";
         buildConfigurations = (
            "OBJ_49",
            "OBJ_50",
         );
         defaultConfigurationIsVisible = "0";
         defaultConfigurationName = "Debug";
      };
      "OBJ_49" = {
         isa = "XCBuildConfiguration";
         buildSettings = {
            ENABLE_TESTABILITY = "YES";
            FRAMEWORK_SEARCH_PATHS = (
               "$(inherited)",
               "$(PLATFORM_DIR)/Developer/Library/Frameworks",
            );
            HEADER_SEARCH_PATHS = (
               "$(inherited)",
            );
            INFOPLIST_FILE = "Lilliput.xcodeproj/Lilliput_Info.plist";
            LD_RUNPATH_SEARCH_PATHS = (
               "$(TOOLCHAIN_DIR)/usr/lib/swift/macosx",
            );
            OTHER_LDFLAGS = (
               "$(inherited)",
            );
            OTHER_SWIFT_FLAGS = (
               "$(inherited)",
            );
            PRODUCT_BUNDLE_IDENTIFIER = "Lilliput";
            PRODUCT_MODULE_NAME = "$(TARGET_NAME:c99extidentifier)";
            PRODUCT_NAME = "$(TARGET_NAME:c99extidentifier)";
            SKIP_INSTALL = "YES";
            SWIFT_VERSION = "4.0";
            TARGET_NAME = "Lilliput";
         };
         name = "Debug";
      };
      "OBJ_5" = {
         isa = "PBXGroup";
         children = (
            "OBJ_6",
            "OBJ_7",
            "OBJ_24",
            "OBJ_28",
         );
         path = "";
         sourceTree = "<group>";
      };
      "OBJ_50" = {
         isa = "XCBuildConfiguration";
         buildSettings = {
            ENABLE_TESTABILITY = "YES";
            FRAMEWORK_SEARCH_PATHS = (
               "$(inherited)",
               "$(PLATFORM_DIR)/Developer/Library/Frameworks",
            );
            HEADER_SEARCH_PATHS = (
               "$(inherited)",
            );
            INFOPLIST_FILE = "Lilliput.xcodeproj/Lilliput_Info.plist";
            LD_RUNPATH_SEARCH_PATHS = (
               "$(TOOLCHAIN_DIR)/usr/lib/swift/macosx",
            );
            OTHER_LDFLAGS = (
               "$(inherited)",
            );
            OTHER_SWIFT_FLAGS = (
               "$(inherited)",
            );
            PRODUCT_BUNDLE_IDENTIFIER = "Lilliput";
            PRODUCT_MODULE_NAME = "$(TARGET_NAME:c99extidentifier)";
            PRODUCT_NAME = "$(TARGET_NAME:c99extidentifier)";
            SKIP_INSTALL = "YES";
            SWIFT_VERSION = "4.0";
            TARGET_NAME = "Lilliput";
         };
         name = "Release";
      };
      "OBJ_51" = {
         isa = "PBXSourcesBuildPhase";
         files = (
            "OBJ_52",
            "OBJ_53",
            "OBJ_54",
            "OBJ_55",
            "OBJ_56",
            "OBJ_57",
            "OBJ_58",
            "OBJ_59",
            "OBJ_60",
            "OBJ_61",
            "OBJ_62",
            "OBJ_63",
            "OBJ_64",
            "OBJ_65",
            "OBJ_66",
         );
      };
      "OBJ_52" = {
         isa = "PBXBuildFile";
         fileRef = "OBJ_9";
      };
      "OBJ_53" = {
         isa = "PBXBuildFile";
         fileRef = "OBJ_10";
      };
      "OBJ_54" = {
         isa = "PBXBuildFile";
         fileRef = "OBJ_11";
      };
      "OBJ_55" = {
         isa = "PBXBuildFile";
         fileRef = "OBJ_12";
      };
      "OBJ_56" = {
         isa = "PBXBuildFile";
         fileRef = "OBJ_13";
      };
      "OBJ_57" = {
         isa = "PBXBuildFile";
         fileRef = "OBJ_14";
      };
      "OBJ_58" = {
         isa = "PBXBuildFile";
         fileRef = "OBJ_15";
      };
      "OBJ_59" = {
         isa = "PBXBuildFile";
         fileRef = "OBJ_16";
      };
      "OBJ_6" = {
         isa = "PBXFileReference";
         explicitFileType = "sourcecode.swift";
         path = "Package.swift";
         sourceTree = "<group>";
      };
      "OBJ_60" = {
         isa = "PBXBuildFile";
         fileRef = "OBJ_17";
      };
      "OBJ_61" = {
         isa = "PBXBuildFile";
         fileRef = "OBJ_18";
      };
      "OBJ_62" = {
         isa = "PBXBuildFile";
         fileRef = "OBJ_19";
      };
      "OBJ_63" = {
         isa = "PBXBuildFile";
         fileRef = "OBJ_20";
      };
      "OBJ_64" = {
         isa = "PBXBuildFile";
         fileRef = "OBJ_21";
      };
      "OBJ_65" = {
         isa = "PBXBuildFile";
         fileRef = "OBJ_22";
      };
      "OBJ_66" = {
         isa = "PBXBuildFile";
         fileRef = "OBJ_23";
      };
      "OBJ_67" = {
         isa = "PBXFrameworksBuildPhase";
         files = (
         );
      };
      "OBJ_69" = {
         isa = "XCConfigurationList";
         buildConfigurations = (
            "OBJ_70",
            "OBJ_71",
         );
         defaultConfigurationIsVisible = "0";
         defaultConfigurationName = "Debug";
      };
      "OBJ_7" = {
         isa = "PBXGroup";
         children = (
            "OBJ_8",
         );
         name = "Sources";
         path = "";
         sourceTree = "SOURCE_ROOT";
      };
      "OBJ_70" = {
         isa = "XCBuildConfiguration";
         buildSettings = {
         };
         name = "Debug";
      };
      "OBJ_71" = {
         isa = "XCBuildConfiguration";
         buildSettings = {
         };
         name = "Release";
      };
      "OBJ_72" = {
         isa = "PBXTargetDependency";
         target = "Lilliput::LilliputTests";
      };
      "OBJ_8" = {
         isa = "PBXGroup";
         children = (
            "OBJ_9",
            "OBJ_10",
            "OBJ_11",
            "OBJ_12",
            "OBJ_13",
            "OBJ_14",
            "OBJ_15",
            "OBJ_16",
            "OBJ_17",
            "OBJ_18",
            "OBJ_19",
            "OBJ_20",
            "OBJ_21",
            "OBJ_22",
            "OBJ_23",
         );
         name = "Lilliput";
         path = "Sources/Lilliput";
         sourceTree = "SOURCE_ROOT";
      };
      "OBJ_9" = {
         isa = "PBXFileReference";
         path = "ByteChannel.swift";
         sourceTree = "<group>";
      };
   };
   objectVersion = "46";
   rootObject = "OBJ_1";
}
