// !$*UTF8*$!
{
	archiveVersion = 1;
	classes = {
	};
	objectVersion = 46;
	objects = {

/* Begin PBXBuildFile section */
		E5F052F31DA1A0350061A18D /* FoundationBuffer.swift in Sources */ = {isa = PBXBuildFile; fileRef = E5F052F21DA1A0350061A18D /* FoundationBuffer.swift */; };
		E5F052F51DA1A06F0061A18D /* FoundationMemory.swift in Sources */ = {isa = PBXBuildFile; fileRef = E5F052F41DA1A06F0061A18D /* FoundationMemory.swift */; };
		E5F052F81DA1B3830061A18D /* README.md in Sources */ = {isa = PBXBuildFile; fileRef = E5F052F71DA1B3830061A18D /* README.md */; };
		_LinkFileRef_Lilliput_via_LilliputTests /* Lilliput.framework in Frameworks */ = {isa = PBXBuildFile; fileRef = "_____Product_Lilliput" /* Lilliput.framework */; };
		__src_cc_ref_Sources/Buffer.swift /* Buffer.swift in Sources */ = {isa = PBXBuildFile; fileRef = __PBXFileRef_Sources/Buffer.swift /* Buffer.swift */; };
		__src_cc_ref_Sources/ByteBuffer.swift /* ByteBuffer.swift in Sources */ = {isa = PBXBuildFile; fileRef = __PBXFileRef_Sources/ByteBuffer.swift /* ByteBuffer.swift */; };
		__src_cc_ref_Sources/ByteChannel.swift /* ByteChannel.swift in Sources */ = {isa = PBXBuildFile; fileRef = __PBXFileRef_Sources/ByteChannel.swift /* ByteChannel.swift */; };
		__src_cc_ref_Sources/ByteOrder.swift /* ByteOrder.swift in Sources */ = {isa = PBXBuildFile; fileRef = __PBXFileRef_Sources/ByteOrder.swift /* ByteOrder.swift */; };
		__src_cc_ref_Sources/ByteSize.swift /* ByteSize.swift in Sources */ = {isa = PBXBuildFile; fileRef = __PBXFileRef_Sources/ByteSize.swift /* ByteSize.swift */; };
		__src_cc_ref_Sources/FileOpenOption.swift /* FileOpenOption.swift in Sources */ = {isa = PBXBuildFile; fileRef = __PBXFileRef_Sources/FileOpenOption.swift /* FileOpenOption.swift */; };
		__src_cc_ref_Sources/FilePath.swift /* FilePath.swift in Sources */ = {isa = PBXBuildFile; fileRef = __PBXFileRef_Sources/FilePath.swift /* FilePath.swift */; };
		__src_cc_ref_Sources/FilePosition.swift /* FilePosition.swift in Sources */ = {isa = PBXBuildFile; fileRef = __PBXFileRef_Sources/FilePosition.swift /* FilePosition.swift */; };
		__src_cc_ref_Sources/FileSystem.swift /* FileSystem.swift in Sources */ = {isa = PBXBuildFile; fileRef = __PBXFileRef_Sources/FileSystem.swift /* FileSystem.swift */; };
		__src_cc_ref_Sources/Memory.swift /* Memory.swift in Sources */ = {isa = PBXBuildFile; fileRef = __PBXFileRef_Sources/Memory.swift /* Memory.swift */; };
		__src_cc_ref_Sources/POSIXBuffer.swift /* POSIXBuffer.swift in Sources */ = {isa = PBXBuildFile; fileRef = __PBXFileRef_Sources/POSIXBuffer.swift /* POSIXBuffer.swift */; };
		__src_cc_ref_Sources/POSIXError.swift /* POSIXError.swift in Sources */ = {isa = PBXBuildFile; fileRef = __PBXFileRef_Sources/POSIXError.swift /* POSIXError.swift */; };
		__src_cc_ref_Sources/POSIXFileChannel.swift /* POSIXFileChannel.swift in Sources */ = {isa = PBXBuildFile; fileRef = __PBXFileRef_Sources/POSIXFileChannel.swift /* POSIXFileChannel.swift */; };
		__src_cc_ref_Sources/POSIXFileSystem.swift /* POSIXFileSystem.swift in Sources */ = {isa = PBXBuildFile; fileRef = __PBXFileRef_Sources/POSIXFileSystem.swift /* POSIXFileSystem.swift */; };
		__src_cc_ref_Sources/POSIXMemory.swift /* POSIXMemory.swift in Sources */ = {isa = PBXBuildFile; fileRef = __PBXFileRef_Sources/POSIXMemory.swift /* POSIXMemory.swift */; };
		__src_cc_ref_Sources/ReadableByteChannel.swift /* ReadableByteChannel.swift in Sources */ = {isa = PBXBuildFile; fileRef = __PBXFileRef_Sources/ReadableByteChannel.swift /* ReadableByteChannel.swift */; };
		__src_cc_ref_Sources/SeekableByteChannel.swift /* SeekableByteChannel.swift in Sources */ = {isa = PBXBuildFile; fileRef = __PBXFileRef_Sources/SeekableByteChannel.swift /* SeekableByteChannel.swift */; };
		__src_cc_ref_Sources/WritableByteChannel.swift /* WritableByteChannel.swift in Sources */ = {isa = PBXBuildFile; fileRef = __PBXFileRef_Sources/WritableByteChannel.swift /* WritableByteChannel.swift */; };
		__src_cc_ref_Tests/LilliputTests/ByteBufferTestCase.swift /* ByteBufferTestCase.swift in Sources */ = {isa = PBXBuildFile; fileRef = __PBXFileRef_Tests/LilliputTests/ByteBufferTestCase.swift /* ByteBufferTestCase.swift */; };
		__src_cc_ref_Tests/LilliputTests/ByteOrderTestCase.swift /* ByteOrderTestCase.swift in Sources */ = {isa = PBXBuildFile; fileRef = __PBXFileRef_Tests/LilliputTests/ByteOrderTestCase.swift /* ByteOrderTestCase.swift */; };
/* End PBXBuildFile section */

/* Begin PBXContainerItemProxy section */
		E5F052F11DA199290061A18D /* PBXContainerItemProxy */ = {
			isa = PBXContainerItemProxy;
			containerPortal = __RootObject_ /* Project object */;
			proxyType = 1;
			remoteGlobalIDString = "______Target_Lilliput";
			remoteInfo = Lilliput;
		};
/* End PBXContainerItemProxy section */

/* Begin PBXFileReference section */
		E5F052F21DA1A0350061A18D /* FoundationBuffer.swift */ = {isa = PBXFileReference; fileEncoding = 4; lastKnownFileType = sourcecode.swift; path = FoundationBuffer.swift; sourceTree = "<group>"; };
		E5F052F41DA1A06F0061A18D /* FoundationMemory.swift */ = {isa = PBXFileReference; fileEncoding = 4; lastKnownFileType = sourcecode.swift; path = FoundationMemory.swift; sourceTree = "<group>"; };
		E5F052F61DA1B3830061A18D /* LICENSE */ = {isa = PBXFileReference; fileEncoding = 4; lastKnownFileType = text; path = LICENSE; sourceTree = "<group>"; };
		E5F052F71DA1B3830061A18D /* README.md */ = {isa = PBXFileReference; fileEncoding = 4; lastKnownFileType = net.daringfireball.markdown; path = README.md; sourceTree = "<group>"; };
		__PBXFileRef_Lilliput.xcodeproj/Configs/Project.xcconfig /* Lilliput.xcodeproj/Configs/Project.xcconfig */ = {isa = PBXFileReference; lastKnownFileType = text.xcconfig; path = Lilliput.xcodeproj/Configs/Project.xcconfig; sourceTree = "<group>"; };
		__PBXFileRef_Package.swift /* Package.swift */ = {isa = PBXFileReference; lastKnownFileType = sourcecode.swift; path = Package.swift; sourceTree = "<group>"; };
		__PBXFileRef_Sources/Buffer.swift /* Buffer.swift */ = {isa = PBXFileReference; lastKnownFileType = sourcecode.swift; path = Buffer.swift; sourceTree = "<group>"; };
		__PBXFileRef_Sources/ByteBuffer.swift /* ByteBuffer.swift */ = {isa = PBXFileReference; lastKnownFileType = sourcecode.swift; path = ByteBuffer.swift; sourceTree = "<group>"; };
		__PBXFileRef_Sources/ByteChannel.swift /* ByteChannel.swift */ = {isa = PBXFileReference; lastKnownFileType = sourcecode.swift; path = ByteChannel.swift; sourceTree = "<group>"; };
		__PBXFileRef_Sources/ByteOrder.swift /* ByteOrder.swift */ = {isa = PBXFileReference; lastKnownFileType = sourcecode.swift; path = ByteOrder.swift; sourceTree = "<group>"; };
		__PBXFileRef_Sources/ByteSize.swift /* ByteSize.swift */ = {isa = PBXFileReference; lastKnownFileType = sourcecode.swift; path = ByteSize.swift; sourceTree = "<group>"; };
		__PBXFileRef_Sources/FileOpenOption.swift /* FileOpenOption.swift */ = {isa = PBXFileReference; lastKnownFileType = sourcecode.swift; path = FileOpenOption.swift; sourceTree = "<group>"; };
		__PBXFileRef_Sources/FilePath.swift /* FilePath.swift */ = {isa = PBXFileReference; lastKnownFileType = sourcecode.swift; path = FilePath.swift; sourceTree = "<group>"; };
		__PBXFileRef_Sources/FilePosition.swift /* FilePosition.swift */ = {isa = PBXFileReference; lastKnownFileType = sourcecode.swift; path = FilePosition.swift; sourceTree = "<group>"; };
		__PBXFileRef_Sources/FileSystem.swift /* FileSystem.swift */ = {isa = PBXFileReference; lastKnownFileType = sourcecode.swift; path = FileSystem.swift; sourceTree = "<group>"; };
		__PBXFileRef_Sources/Memory.swift /* Memory.swift */ = {isa = PBXFileReference; lastKnownFileType = sourcecode.swift; path = Memory.swift; sourceTree = "<group>"; };
		__PBXFileRef_Sources/POSIXBuffer.swift /* POSIXBuffer.swift */ = {isa = PBXFileReference; lastKnownFileType = sourcecode.swift; path = POSIXBuffer.swift; sourceTree = "<group>"; };
		__PBXFileRef_Sources/POSIXError.swift /* POSIXError.swift */ = {isa = PBXFileReference; lastKnownFileType = sourcecode.swift; path = POSIXError.swift; sourceTree = "<group>"; };
		__PBXFileRef_Sources/POSIXFileChannel.swift /* POSIXFileChannel.swift */ = {isa = PBXFileReference; lastKnownFileType = sourcecode.swift; path = POSIXFileChannel.swift; sourceTree = "<group>"; };
		__PBXFileRef_Sources/POSIXFileSystem.swift /* POSIXFileSystem.swift */ = {isa = PBXFileReference; lastKnownFileType = sourcecode.swift; path = POSIXFileSystem.swift; sourceTree = "<group>"; };
		__PBXFileRef_Sources/POSIXMemory.swift /* POSIXMemory.swift */ = {isa = PBXFileReference; lastKnownFileType = sourcecode.swift; path = POSIXMemory.swift; sourceTree = "<group>"; };
		__PBXFileRef_Sources/ReadableByteChannel.swift /* ReadableByteChannel.swift */ = {isa = PBXFileReference; lastKnownFileType = sourcecode.swift; path = ReadableByteChannel.swift; sourceTree = "<group>"; };
		__PBXFileRef_Sources/SeekableByteChannel.swift /* SeekableByteChannel.swift */ = {isa = PBXFileReference; lastKnownFileType = sourcecode.swift; path = SeekableByteChannel.swift; sourceTree = "<group>"; };
		__PBXFileRef_Sources/WritableByteChannel.swift /* WritableByteChannel.swift */ = {isa = PBXFileReference; lastKnownFileType = sourcecode.swift; path = WritableByteChannel.swift; sourceTree = "<group>"; };
		__PBXFileRef_Tests/LilliputTests/ByteBufferTestCase.swift /* ByteBufferTestCase.swift */ = {isa = PBXFileReference; lastKnownFileType = sourcecode.swift; path = ByteBufferTestCase.swift; sourceTree = "<group>"; };
		__PBXFileRef_Tests/LilliputTests/ByteOrderTestCase.swift /* ByteOrderTestCase.swift */ = {isa = PBXFileReference; lastKnownFileType = sourcecode.swift; path = ByteOrderTestCase.swift; sourceTree = "<group>"; };
		"_____Product_Lilliput" /* Lilliput.framework */ = {isa = PBXFileReference; explicitFileType = wrapper.framework; path = Lilliput.framework; sourceTree = BUILT_PRODUCTS_DIR; };
		"_____Product_LilliputTests" /* LilliputTests.xctest */ = {isa = PBXFileReference; lastKnownFileType = file; path = LilliputTests.xctest; sourceTree = BUILT_PRODUCTS_DIR; };
/* End PBXFileReference section */

/* Begin PBXFrameworksBuildPhase section */
		"___LinkPhase_Lilliput" /* Frameworks */ = {
			isa = PBXFrameworksBuildPhase;
			buildActionMask = 0;
			files = (
			);
			runOnlyForDeploymentPostprocessing = 0;
		};
		"___LinkPhase_LilliputTests" /* Frameworks */ = {
			isa = PBXFrameworksBuildPhase;
			buildActionMask = 0;
			files = (
				_LinkFileRef_Lilliput_via_LilliputTests /* Lilliput.framework in Frameworks */,
			);
			runOnlyForDeploymentPostprocessing = 0;
		};
/* End PBXFrameworksBuildPhase section */

/* Begin PBXGroup section */
		TestProducts_ /* Tests */ = {
			isa = PBXGroup;
			children = (
				"_____Product_LilliputTests" /* LilliputTests.xctest */,
			);
			name = Tests;
			sourceTree = "<group>";
		};
		"___RootGroup_" = {
			isa = PBXGroup;
			children = (
				E5F052F61DA1B3830061A18D /* LICENSE */,
				E5F052F71DA1B3830061A18D /* README.md */,
				__PBXFileRef_Package.swift /* Package.swift */,
				"_____Configs_" /* Configs */,
				"_____Sources_" /* Sources */,
				"_______Tests_" /* Tests */,
				"____Products_" /* Products */,
			);
			sourceTree = "<group>";
		};
		"____Products_" /* Products */ = {
			isa = PBXGroup;
			children = (
				TestProducts_ /* Tests */,
				"_____Product_Lilliput" /* Lilliput.framework */,
			);
			name = Products;
			sourceTree = "<group>";
		};
		"_____Configs_" /* Configs */ = {
			isa = PBXGroup;
			children = (
				__PBXFileRef_Lilliput.xcodeproj/Configs/Project.xcconfig /* Lilliput.xcodeproj/Configs/Project.xcconfig */,
			);
			name = Configs;
			sourceTree = "<group>";
		};
		"_____Sources_" /* Sources */ = {
			isa = PBXGroup;
			children = (
				"_______Group_Lilliput" /* Lilliput */,
			);
			name = Sources;
			sourceTree = "<group>";
		};
		"_______Group_Lilliput" /* Lilliput */ = {
			isa = PBXGroup;
			children = (
				__PBXFileRef_Sources/Buffer.swift /* Buffer.swift */,
				__PBXFileRef_Sources/ByteBuffer.swift /* ByteBuffer.swift */,
				__PBXFileRef_Sources/ByteChannel.swift /* ByteChannel.swift */,
				__PBXFileRef_Sources/ByteOrder.swift /* ByteOrder.swift */,
				__PBXFileRef_Sources/ByteSize.swift /* ByteSize.swift */,
				__PBXFileRef_Sources/FileOpenOption.swift /* FileOpenOption.swift */,
				__PBXFileRef_Sources/FilePath.swift /* FilePath.swift */,
				__PBXFileRef_Sources/FilePosition.swift /* FilePosition.swift */,
				__PBXFileRef_Sources/FileSystem.swift /* FileSystem.swift */,
				__PBXFileRef_Sources/Memory.swift /* Memory.swift */,
				__PBXFileRef_Sources/POSIXBuffer.swift /* POSIXBuffer.swift */,
				__PBXFileRef_Sources/POSIXError.swift /* POSIXError.swift */,
				__PBXFileRef_Sources/POSIXFileChannel.swift /* POSIXFileChannel.swift */,
				__PBXFileRef_Sources/POSIXFileSystem.swift /* POSIXFileSystem.swift */,
				__PBXFileRef_Sources/POSIXMemory.swift /* POSIXMemory.swift */,
				__PBXFileRef_Sources/ReadableByteChannel.swift /* ReadableByteChannel.swift */,
				__PBXFileRef_Sources/SeekableByteChannel.swift /* SeekableByteChannel.swift */,
				__PBXFileRef_Sources/WritableByteChannel.swift /* WritableByteChannel.swift */,
				E5F052F21DA1A0350061A18D /* FoundationBuffer.swift */,
				E5F052F41DA1A06F0061A18D /* FoundationMemory.swift */,
			);
			name = Lilliput;
			path = Sources;
			sourceTree = "<group>";
		};
		"_______Group_LilliputTests" /* LilliputTests */ = {
			isa = PBXGroup;
			children = (
				__PBXFileRef_Tests/LilliputTests/ByteBufferTestCase.swift /* ByteBufferTestCase.swift */,
				__PBXFileRef_Tests/LilliputTests/ByteOrderTestCase.swift /* ByteOrderTestCase.swift */,
			);
			name = LilliputTests;
			path = Tests/LilliputTests;
			sourceTree = "<group>";
		};
		"_______Tests_" /* Tests */ = {
			isa = PBXGroup;
			children = (
				"_______Group_LilliputTests" /* LilliputTests */,
			);
			name = Tests;
			sourceTree = "<group>";
		};
/* End PBXGroup section */

/* Begin PBXNativeTarget section */
		"______Target_Lilliput" /* Lilliput */ = {
			isa = PBXNativeTarget;
			buildConfigurationList = "_______Confs_Lilliput" /* Build configuration list for PBXNativeTarget "Lilliput" */;
			buildPhases = (
				CompilePhase_Lilliput /* Sources */,
				"___LinkPhase_Lilliput" /* Frameworks */,
			);
			buildRules = (
			);
			dependencies = (
			);
			name = Lilliput;
			productName = Lilliput;
			productReference = "_____Product_Lilliput" /* Lilliput.framework */;
			productType = "com.apple.product-type.framework";
		};
		"______Target_LilliputTests" /* LilliputTests */ = {
			isa = PBXNativeTarget;
			buildConfigurationList = "_______Confs_LilliputTests" /* Build configuration list for PBXNativeTarget "LilliputTests" */;
			buildPhases = (
				CompilePhase_LilliputTests /* Sources */,
				"___LinkPhase_LilliputTests" /* Frameworks */,
			);
			buildRules = (
			);
			dependencies = (
				__Dependency_Lilliput /* PBXTargetDependency */,
			);
			name = LilliputTests;
			productName = LilliputTests;
			productReference = "_____Product_LilliputTests" /* LilliputTests.xctest */;
			productType = "com.apple.product-type.bundle.unit-test";
		};
/* End PBXNativeTarget section */

/* Begin PBXProject section */
		__RootObject_ /* Project object */ = {
			isa = PBXProject;
			attributes = {
				LastUpgradeCheck = 9999;
			};
			buildConfigurationList = "___RootConfs_" /* Build configuration list for PBXProject "Lilliput" */;
			compatibilityVersion = "Xcode 3.2";
			developmentRegion = English;
			hasScannedForEncodings = 0;
			knownRegions = (
				en,
			);
			mainGroup = "___RootGroup_";
			productRefGroup = "____Products_" /* Products */;
			projectDirPath = "";
			projectRoot = "";
			targets = (
				"______Target_Lilliput" /* Lilliput */,
				"______Target_LilliputTests" /* LilliputTests */,
			);
		};
/* End PBXProject section */

/* Begin PBXSourcesBuildPhase section */
		CompilePhase_Lilliput /* Sources */ = {
			isa = PBXSourcesBuildPhase;
			buildActionMask = 0;
			files = (
				__src_cc_ref_Sources/Buffer.swift /* Buffer.swift in Sources */,
				__src_cc_ref_Sources/ByteBuffer.swift /* ByteBuffer.swift in Sources */,
				__src_cc_ref_Sources/ByteChannel.swift /* ByteChannel.swift in Sources */,
				E5F052F81DA1B3830061A18D /* README.md in Sources */,
				E5F052F31DA1A0350061A18D /* FoundationBuffer.swift in Sources */,
				__src_cc_ref_Sources/ByteOrder.swift /* ByteOrder.swift in Sources */,
				E5F052F51DA1A06F0061A18D /* FoundationMemory.swift in Sources */,
				__src_cc_ref_Sources/ByteSize.swift /* ByteSize.swift in Sources */,
				__src_cc_ref_Sources/FileOpenOption.swift /* FileOpenOption.swift in Sources */,
				__src_cc_ref_Sources/FilePath.swift /* FilePath.swift in Sources */,
				__src_cc_ref_Sources/FilePosition.swift /* FilePosition.swift in Sources */,
				__src_cc_ref_Sources/FileSystem.swift /* FileSystem.swift in Sources */,
				__src_cc_ref_Sources/Memory.swift /* Memory.swift in Sources */,
				__src_cc_ref_Sources/POSIXBuffer.swift /* POSIXBuffer.swift in Sources */,
				__src_cc_ref_Sources/POSIXError.swift /* POSIXError.swift in Sources */,
				__src_cc_ref_Sources/POSIXFileChannel.swift /* POSIXFileChannel.swift in Sources */,
				__src_cc_ref_Sources/POSIXFileSystem.swift /* POSIXFileSystem.swift in Sources */,
				__src_cc_ref_Sources/POSIXMemory.swift /* POSIXMemory.swift in Sources */,
				__src_cc_ref_Sources/ReadableByteChannel.swift /* ReadableByteChannel.swift in Sources */,
				__src_cc_ref_Sources/SeekableByteChannel.swift /* SeekableByteChannel.swift in Sources */,
				__src_cc_ref_Sources/WritableByteChannel.swift /* WritableByteChannel.swift in Sources */,
			);
			runOnlyForDeploymentPostprocessing = 0;
		};
		CompilePhase_LilliputTests /* Sources */ = {
			isa = PBXSourcesBuildPhase;
			buildActionMask = 0;
			files = (
				__src_cc_ref_Tests/LilliputTests/ByteBufferTestCase.swift /* ByteBufferTestCase.swift in Sources */,
				__src_cc_ref_Tests/LilliputTests/ByteOrderTestCase.swift /* ByteOrderTestCase.swift in Sources */,
			);
			runOnlyForDeploymentPostprocessing = 0;
		};
/* End PBXSourcesBuildPhase section */

/* Begin PBXTargetDependency section */
		__Dependency_Lilliput /* PBXTargetDependency */ = {
			isa = PBXTargetDependency;
			target = "______Target_Lilliput" /* Lilliput */;
			targetProxy = E5F052F11DA199290061A18D /* PBXContainerItemProxy */;
		};
/* End PBXTargetDependency section */

/* Begin XCBuildConfiguration section */
		_ReleaseConf_Lilliput /* Release */ = {
			isa = XCBuildConfiguration;
			buildSettings = {
				ENABLE_TESTABILITY = YES;
				FRAMEWORK_SEARCH_PATHS = "$(PLATFORM_DIR)/Developer/Library/Frameworks";
				INFOPLIST_FILE = Lilliput.xcodeproj/Lilliput_Info.plist;
				LD_RUNPATH_SEARCH_PATHS = "$(TOOLCHAIN_DIR)/usr/lib/swift/macosx";
				OTHER_LDFLAGS = "$(inherited)";
				OTHER_SWIFT_FLAGS = "$(inherited)";
				PRODUCT_BUNDLE_IDENTIFIER = Lilliput;
				PRODUCT_MODULE_NAME = "$(TARGET_NAME:c99extidentifier)";
				PRODUCT_NAME = "$(TARGET_NAME:c99extidentifier)";
				SWIFT_VERSION = 3.0;
			};
			name = Release;
		};
		_ReleaseConf_LilliputTests /* Release */ = {
			isa = XCBuildConfiguration;
			buildSettings = {
				EMBEDDED_CONTENT_CONTAINS_SWIFT = YES;
				FRAMEWORK_SEARCH_PATHS = "$(PLATFORM_DIR)/Developer/Library/Frameworks";
				INFOPLIST_FILE = Lilliput.xcodeproj/LilliputTests_Info.plist;
				LD_RUNPATH_SEARCH_PATHS = "@loader_path/../Frameworks";
				OTHER_LDFLAGS = "$(inherited)";
				OTHER_SWIFT_FLAGS = "$(inherited)";
				SWIFT_VERSION = 3.0;
			};
			name = Release;
		};
		"___DebugConf_Lilliput" /* Debug */ = {
			isa = XCBuildConfiguration;
			buildSettings = {
				ENABLE_TESTABILITY = YES;
				FRAMEWORK_SEARCH_PATHS = "$(PLATFORM_DIR)/Developer/Library/Frameworks";
				INFOPLIST_FILE = Lilliput.xcodeproj/Lilliput_Info.plist;
				LD_RUNPATH_SEARCH_PATHS = "$(TOOLCHAIN_DIR)/usr/lib/swift/macosx";
				OTHER_LDFLAGS = "$(inherited)";
				OTHER_SWIFT_FLAGS = "$(inherited)";
				PRODUCT_BUNDLE_IDENTIFIER = Lilliput;
				PRODUCT_MODULE_NAME = "$(TARGET_NAME:c99extidentifier)";
				PRODUCT_NAME = "$(TARGET_NAME:c99extidentifier)";
				SWIFT_OPTIMIZATION_LEVEL = "-Onone";
				SWIFT_VERSION = 3.0;
			};
			name = Debug;
		};
		"___DebugConf_LilliputTests" /* Debug */ = {
			isa = XCBuildConfiguration;
			buildSettings = {
				EMBEDDED_CONTENT_CONTAINS_SWIFT = YES;
				FRAMEWORK_SEARCH_PATHS = "$(PLATFORM_DIR)/Developer/Library/Frameworks";
				INFOPLIST_FILE = Lilliput.xcodeproj/LilliputTests_Info.plist;
				LD_RUNPATH_SEARCH_PATHS = "@loader_path/../Frameworks";
				OTHER_LDFLAGS = "$(inherited)";
				OTHER_SWIFT_FLAGS = "$(inherited)";
				SWIFT_OPTIMIZATION_LEVEL = "-Onone";
				SWIFT_VERSION = 3.0;
			};
			name = Debug;
		};
		"_____Release_" /* Release */ = {
			isa = XCBuildConfiguration;
			baseConfigurationReference = __PBXFileRef_Lilliput.xcodeproj/Configs/Project.xcconfig /* Lilliput.xcodeproj/Configs/Project.xcconfig */;
			buildSettings = {
			};
			name = Release;
		};
		"_______Debug_" /* Debug */ = {
			isa = XCBuildConfiguration;
			baseConfigurationReference = __PBXFileRef_Lilliput.xcodeproj/Configs/Project.xcconfig /* Lilliput.xcodeproj/Configs/Project.xcconfig */;
			buildSettings = {
			};
			name = Debug;
		};
/* End XCBuildConfiguration section */

/* Begin XCConfigurationList section */
		"___RootConfs_" /* Build configuration list for PBXProject "Lilliput" */ = {
			isa = XCConfigurationList;
			buildConfigurations = (
				"_______Debug_" /* Debug */,
				"_____Release_" /* Release */,
			);
			defaultConfigurationIsVisible = 0;
			defaultConfigurationName = Debug;
		};
		"_______Confs_Lilliput" /* Build configuration list for PBXNativeTarget "Lilliput" */ = {
			isa = XCConfigurationList;
			buildConfigurations = (
				"___DebugConf_Lilliput" /* Debug */,
				_ReleaseConf_Lilliput /* Release */,
			);
			defaultConfigurationIsVisible = 0;
			defaultConfigurationName = Debug;
		};
		"_______Confs_LilliputTests" /* Build configuration list for PBXNativeTarget "LilliputTests" */ = {
			isa = XCConfigurationList;
			buildConfigurations = (
				"___DebugConf_LilliputTests" /* Debug */,
				_ReleaseConf_LilliputTests /* Release */,
			);
			defaultConfigurationIsVisible = 0;
			defaultConfigurationName = Debug;
		};
/* End XCConfigurationList section */
	};
	rootObject = __RootObject_ /* Project object */;
}
