// !$*UTF8*$!
{
	archiveVersion = 1;
	classes = {
	};
	objectVersion = 46;
	objects = {

/* Begin PBXBuildFile section */
		0941F9751972330700F81920 /* ByteBuffer.swift in Sources */ = {isa = PBXBuildFile; fileRef = E5BDC5DD196F6AC0001ABC11 /* ByteBuffer.swift */; };
		E565A2C3198CC1F700F90BAC /* IntegerStringTests.swift in Sources */ = {isa = PBXBuildFile; fileRef = E565A2C2198CC1F700F90BAC /* IntegerStringTests.swift */; };
		E5BDC5C7196F698B001ABC11 /* Lilliput.h in Headers */ = {isa = PBXBuildFile; fileRef = E5BDC5C6196F698B001ABC11 /* Lilliput.h */; settings = {ATTRIBUTES = (Public, ); }; };
		E5BDC5CD196F698C001ABC11 /* Lilliput.framework in Frameworks */ = {isa = PBXBuildFile; fileRef = E5BDC5C1196F698B001ABC11 /* Lilliput.framework */; };
		E5BDC5DF196F6AC0001ABC11 /* ByteBuffer.swift in Sources */ = {isa = PBXBuildFile; fileRef = E5BDC5DD196F6AC0001ABC11 /* ByteBuffer.swift */; };
		E5BDC5E0196F6AC0001ABC11 /* ByteOrder.swift in Sources */ = {isa = PBXBuildFile; fileRef = E5BDC5DE196F6AC0001ABC11 /* ByteOrder.swift */; };
		E5BDC5E2196F6BD2001ABC11 /* ByteOrderTests.swift in Sources */ = {isa = PBXBuildFile; fileRef = E5BDC5E1196F6BD2001ABC11 /* ByteOrderTests.swift */; };
		E5BDC5E4196F6BFC001ABC11 /* ByteBufferTests.swift in Sources */ = {isa = PBXBuildFile; fileRef = E5BDC5E3196F6BFC001ABC11 /* ByteBufferTests.swift */; };
		E5E67333198D835700AA9930 /* IntegerString.swift in Sources */ = {isa = PBXBuildFile; fileRef = E5E67332198D835700AA9930 /* IntegerString.swift */; };
		E5E67334198D838D00AA9930 /* IntegerString.swift in Sources */ = {isa = PBXBuildFile; fileRef = E5E67332198D835700AA9930 /* IntegerString.swift */; };
		E5F44F051970D09300F33358 /* ByteOrder.swift in Sources */ = {isa = PBXBuildFile; fileRef = E5BDC5DE196F6AC0001ABC11 /* ByteOrder.swift */; };
/* End PBXBuildFile section */

/* Begin PBXContainerItemProxy section */
		E5BDC5CE196F698C001ABC11 /* PBXContainerItemProxy */ = {
			isa = PBXContainerItemProxy;
			containerPortal = E5BDC5B8196F698B001ABC11 /* Project object */;
			proxyType = 1;
			remoteGlobalIDString = E5BDC5C0196F698B001ABC11;
			remoteInfo = Lilliput;
		};
/* End PBXContainerItemProxy section */

/* Begin PBXFileReference section */
		E565A2C2198CC1F700F90BAC /* IntegerStringTests.swift */ = {isa = PBXFileReference; fileEncoding = 4; lastKnownFileType = sourcecode.swift; path = IntegerStringTests.swift; sourceTree = "<group>"; };
		E5BDC5C1196F698B001ABC11 /* Lilliput.framework */ = {isa = PBXFileReference; explicitFileType = wrapper.framework; includeInIndex = 0; path = Lilliput.framework; sourceTree = BUILT_PRODUCTS_DIR; };
		E5BDC5C5196F698B001ABC11 /* Info.plist */ = {isa = PBXFileReference; lastKnownFileType = text.plist.xml; path = Info.plist; sourceTree = "<group>"; };
		E5BDC5C6196F698B001ABC11 /* Lilliput.h */ = {isa = PBXFileReference; lastKnownFileType = sourcecode.c.h; path = Lilliput.h; sourceTree = "<group>"; };
		E5BDC5CC196F698C001ABC11 /* LilliputTests.xctest */ = {isa = PBXFileReference; explicitFileType = wrapper.cfbundle; includeInIndex = 0; path = LilliputTests.xctest; sourceTree = BUILT_PRODUCTS_DIR; };
		E5BDC5D2196F698C001ABC11 /* Info.plist */ = {isa = PBXFileReference; lastKnownFileType = text.plist.xml; path = Info.plist; sourceTree = "<group>"; };
		E5BDC5DD196F6AC0001ABC11 /* ByteBuffer.swift */ = {isa = PBXFileReference; fileEncoding = 4; lastKnownFileType = sourcecode.swift; path = ByteBuffer.swift; sourceTree = "<group>"; };
		E5BDC5DE196F6AC0001ABC11 /* ByteOrder.swift */ = {isa = PBXFileReference; fileEncoding = 4; lastKnownFileType = sourcecode.swift; path = ByteOrder.swift; sourceTree = "<group>"; };
		E5BDC5E1196F6BD2001ABC11 /* ByteOrderTests.swift */ = {isa = PBXFileReference; fileEncoding = 4; lastKnownFileType = sourcecode.swift; path = ByteOrderTests.swift; sourceTree = "<group>"; };
		E5BDC5E3196F6BFC001ABC11 /* ByteBufferTests.swift */ = {isa = PBXFileReference; fileEncoding = 4; lastKnownFileType = sourcecode.swift; path = ByteBufferTests.swift; sourceTree = "<group>"; };
		E5E67332198D835700AA9930 /* IntegerString.swift */ = {isa = PBXFileReference; fileEncoding = 4; lastKnownFileType = sourcecode.swift; path = IntegerString.swift; sourceTree = "<group>"; };
/* End PBXFileReference section */

/* Begin PBXFrameworksBuildPhase section */
		E5BDC5BD196F698B001ABC11 /* Frameworks */ = {
			isa = PBXFrameworksBuildPhase;
			buildActionMask = 2147483647;
			files = (
			);
			runOnlyForDeploymentPostprocessing = 0;
		};
		E5BDC5C9196F698C001ABC11 /* Frameworks */ = {
			isa = PBXFrameworksBuildPhase;
			buildActionMask = 2147483647;
			files = (
				E5BDC5CD196F698C001ABC11 /* Lilliput.framework in Frameworks */,
			);
			runOnlyForDeploymentPostprocessing = 0;
		};
/* End PBXFrameworksBuildPhase section */

/* Begin PBXGroup section */
		E5BDC5B7196F698B001ABC11 = {
			isa = PBXGroup;
			children = (
				E5BDC5C3196F698B001ABC11 /* Lilliput */,
				E5BDC5D0196F698C001ABC11 /* LilliputTests */,
				E5BDC5C2196F698B001ABC11 /* Products */,
			);
			sourceTree = "<group>";
		};
		E5BDC5C2196F698B001ABC11 /* Products */ = {
			isa = PBXGroup;
			children = (
				E5BDC5C1196F698B001ABC11 /* Lilliput.framework */,
				E5BDC5CC196F698C001ABC11 /* LilliputTests.xctest */,
			);
			name = Products;
			sourceTree = "<group>";
		};
		E5BDC5C3196F698B001ABC11 /* Lilliput */ = {
			isa = PBXGroup;
			children = (
				E5BDC5C6196F698B001ABC11 /* Lilliput.h */,
				E5BDC5DE196F6AC0001ABC11 /* ByteOrder.swift */,
				E5BDC5DD196F6AC0001ABC11 /* ByteBuffer.swift */,
				E5E67332198D835700AA9930 /* IntegerString.swift */,
				E5BDC5C4196F698B001ABC11 /* Supporting Files */,
			);
			path = Lilliput;
			sourceTree = "<group>";
		};
		E5BDC5C4196F698B001ABC11 /* Supporting Files */ = {
			isa = PBXGroup;
			children = (
				E5BDC5C5196F698B001ABC11 /* Info.plist */,
			);
			name = "Supporting Files";
			sourceTree = "<group>";
		};
		E5BDC5D0196F698C001ABC11 /* LilliputTests */ = {
			isa = PBXGroup;
			children = (
				E5BDC5E1196F6BD2001ABC11 /* ByteOrderTests.swift */,
				E5BDC5E3196F6BFC001ABC11 /* ByteBufferTests.swift */,
				E565A2C2198CC1F700F90BAC /* IntegerStringTests.swift */,
				E5BDC5D1196F698C001ABC11 /* Supporting Files */,
			);
			path = LilliputTests;
			sourceTree = "<group>";
		};
		E5BDC5D1196F698C001ABC11 /* Supporting Files */ = {
			isa = PBXGroup;
			children = (
				E5BDC5D2196F698C001ABC11 /* Info.plist */,
			);
			name = "Supporting Files";
			sourceTree = "<group>";
		};
/* End PBXGroup section */

/* Begin PBXHeadersBuildPhase section */
		E5BDC5BE196F698B001ABC11 /* Headers */ = {
			isa = PBXHeadersBuildPhase;
			buildActionMask = 2147483647;
			files = (
				E5BDC5C7196F698B001ABC11 /* Lilliput.h in Headers */,
			);
			runOnlyForDeploymentPostprocessing = 0;
		};
/* End PBXHeadersBuildPhase section */

/* Begin PBXNativeTarget section */
		E5BDC5C0196F698B001ABC11 /* Lilliput */ = {
			isa = PBXNativeTarget;
			buildConfigurationList = E5BDC5D7196F698C001ABC11 /* Build configuration list for PBXNativeTarget "Lilliput" */;
			buildPhases = (
				E5BDC5BC196F698B001ABC11 /* Sources */,
				E5BDC5BD196F698B001ABC11 /* Frameworks */,
				E5BDC5BE196F698B001ABC11 /* Headers */,
				E5BDC5BF196F698B001ABC11 /* Resources */,
			);
			buildRules = (
			);
			dependencies = (
			);
			name = Lilliput;
			productName = Lilliput;
			productReference = E5BDC5C1196F698B001ABC11 /* Lilliput.framework */;
			productType = "com.apple.product-type.framework";
		};
		E5BDC5CB196F698C001ABC11 /* LilliputTests */ = {
			isa = PBXNativeTarget;
			buildConfigurationList = E5BDC5DA196F698C001ABC11 /* Build configuration list for PBXNativeTarget "LilliputTests" */;
			buildPhases = (
				E5BDC5C8196F698C001ABC11 /* Sources */,
				E5BDC5C9196F698C001ABC11 /* Frameworks */,
				E5BDC5CA196F698C001ABC11 /* Resources */,
			);
			buildRules = (
			);
			dependencies = (
				E5BDC5CF196F698C001ABC11 /* PBXTargetDependency */,
			);
			name = LilliputTests;
			productName = LilliputTests;
			productReference = E5BDC5CC196F698C001ABC11 /* LilliputTests.xctest */;
			productType = "com.apple.product-type.bundle.unit-test";
		};
/* End PBXNativeTarget section */

/* Begin PBXProject section */
		E5BDC5B8196F698B001ABC11 /* Project object */ = {
			isa = PBXProject;
			attributes = {
				LastUpgradeCheck = 0600;
				ORGANIZATIONNAME = "Justin Kolb";
				TargetAttributes = {
					E5BDC5C0196F698B001ABC11 = {
						CreatedOnToolsVersion = 6.0;
					};
					E5BDC5CB196F698C001ABC11 = {
						CreatedOnToolsVersion = 6.0;
						TestTargetID = E5BDC5C0196F698B001ABC11;
					};
				};
			};
			buildConfigurationList = E5BDC5BB196F698B001ABC11 /* Build configuration list for PBXProject "Lilliput" */;
			compatibilityVersion = "Xcode 3.2";
			developmentRegion = English;
			hasScannedForEncodings = 0;
			knownRegions = (
				en,
			);
			mainGroup = E5BDC5B7196F698B001ABC11;
			productRefGroup = E5BDC5C2196F698B001ABC11 /* Products */;
			projectDirPath = "";
			projectRoot = "";
			targets = (
				E5BDC5C0196F698B001ABC11 /* Lilliput */,
				E5BDC5CB196F698C001ABC11 /* LilliputTests */,
			);
		};
/* End PBXProject section */

/* Begin PBXResourcesBuildPhase section */
		E5BDC5BF196F698B001ABC11 /* Resources */ = {
			isa = PBXResourcesBuildPhase;
			buildActionMask = 2147483647;
			files = (
			);
			runOnlyForDeploymentPostprocessing = 0;
		};
		E5BDC5CA196F698C001ABC11 /* Resources */ = {
			isa = PBXResourcesBuildPhase;
			buildActionMask = 2147483647;
			files = (
			);
			runOnlyForDeploymentPostprocessing = 0;
		};
/* End PBXResourcesBuildPhase section */

/* Begin PBXSourcesBuildPhase section */
		E5BDC5BC196F698B001ABC11 /* Sources */ = {
			isa = PBXSourcesBuildPhase;
			buildActionMask = 2147483647;
			files = (
				E5BDC5E0196F6AC0001ABC11 /* ByteOrder.swift in Sources */,
				E5BDC5DF196F6AC0001ABC11 /* ByteBuffer.swift in Sources */,
				E5E67333198D835700AA9930 /* IntegerString.swift in Sources */,
			);
			runOnlyForDeploymentPostprocessing = 0;
		};
		E5BDC5C8196F698C001ABC11 /* Sources */ = {
			isa = PBXSourcesBuildPhase;
			buildActionMask = 2147483647;
			files = (
				E5F44F051970D09300F33358 /* ByteOrder.swift in Sources */,
				0941F9751972330700F81920 /* ByteBuffer.swift in Sources */,
				E565A2C3198CC1F700F90BAC /* IntegerStringTests.swift in Sources */,
				E5E67334198D838D00AA9930 /* IntegerString.swift in Sources */,
				E5BDC5E2196F6BD2001ABC11 /* ByteOrderTests.swift in Sources */,
				E5BDC5E4196F6BFC001ABC11 /* ByteBufferTests.swift in Sources */,
			);
			runOnlyForDeploymentPostprocessing = 0;
		};
/* End PBXSourcesBuildPhase section */

/* Begin PBXTargetDependency section */
		E5BDC5CF196F698C001ABC11 /* PBXTargetDependency */ = {
			isa = PBXTargetDependency;
			target = E5BDC5C0196F698B001ABC11 /* Lilliput */;
			targetProxy = E5BDC5CE196F698C001ABC11 /* PBXContainerItemProxy */;
		};
/* End PBXTargetDependency section */

/* Begin XCBuildConfiguration section */
		E5BDC5D5196F698C001ABC11 /* Debug */ = {
			isa = XCBuildConfiguration;
			buildSettings = {
				ALWAYS_SEARCH_USER_PATHS = NO;
				CLANG_CXX_LANGUAGE_STANDARD = "gnu++0x";
				CLANG_CXX_LIBRARY = "libc++";
				CLANG_ENABLE_MODULES = YES;
				CLANG_ENABLE_OBJC_ARC = YES;
				CLANG_WARN_BOOL_CONVERSION = YES;
				CLANG_WARN_CONSTANT_CONVERSION = YES;
				CLANG_WARN_DIRECT_OBJC_ISA_USAGE = YES_ERROR;
				CLANG_WARN_EMPTY_BODY = YES;
				CLANG_WARN_ENUM_CONVERSION = YES;
				CLANG_WARN_INT_CONVERSION = YES;
				CLANG_WARN_OBJC_ROOT_CLASS = YES_ERROR;
				CLANG_WARN_UNREACHABLE_CODE = YES;
				CLANG_WARN__DUPLICATE_METHOD_MATCH = YES;
				COPY_PHASE_STRIP = NO;
				CURRENT_PROJECT_VERSION = 1;
				ENABLE_STRICT_OBJC_MSGSEND = YES;
				GCC_C_LANGUAGE_STANDARD = gnu99;
				GCC_DYNAMIC_NO_PIC = NO;
				GCC_OPTIMIZATION_LEVEL = 0;
				GCC_PREPROCESSOR_DEFINITIONS = (
					"DEBUG=1",
					"$(inherited)",
				);
				GCC_SYMBOLS_PRIVATE_EXTERN = NO;
				GCC_WARN_64_TO_32_BIT_CONVERSION = YES;
				GCC_WARN_ABOUT_RETURN_TYPE = YES_ERROR;
				GCC_WARN_UNDECLARED_SELECTOR = YES;
				GCC_WARN_UNINITIALIZED_AUTOS = YES_AGGRESSIVE;
				GCC_WARN_UNUSED_FUNCTION = YES;
				GCC_WARN_UNUSED_VARIABLE = YES;
				MACOSX_DEPLOYMENT_TARGET = 10.9;
				MTL_ENABLE_DEBUG_INFO = YES;
				ONLY_ACTIVE_ARCH = YES;
				SDKROOT = macosx;
				SWIFT_OPTIMIZATION_LEVEL = "-Onone";
				SWIFT_WHOLE_MODULE_OPTIMIZATION = YES;
				VERSIONING_SYSTEM = "apple-generic";
				VERSION_INFO_PREFIX = "";
			};
			name = Debug;
		};
		E5BDC5D6196F698C001ABC11 /* Release */ = {
			isa = XCBuildConfiguration;
			buildSettings = {
				ALWAYS_SEARCH_USER_PATHS = NO;
				CLANG_CXX_LANGUAGE_STANDARD = "gnu++0x";
				CLANG_CXX_LIBRARY = "libc++";
				CLANG_ENABLE_MODULES = YES;
				CLANG_ENABLE_OBJC_ARC = YES;
				CLANG_WARN_BOOL_CONVERSION = YES;
				CLANG_WARN_CONSTANT_CONVERSION = YES;
				CLANG_WARN_DIRECT_OBJC_ISA_USAGE = YES_ERROR;
				CLANG_WARN_EMPTY_BODY = YES;
				CLANG_WARN_ENUM_CONVERSION = YES;
				CLANG_WARN_INT_CONVERSION = YES;
				CLANG_WARN_OBJC_ROOT_CLASS = YES_ERROR;
				CLANG_WARN_UNREACHABLE_CODE = YES;
				CLANG_WARN__DUPLICATE_METHOD_MATCH = YES;
				COPY_PHASE_STRIP = YES;
				CURRENT_PROJECT_VERSION = 1;
				DEBUG_INFORMATION_FORMAT = "dwarf-with-dsym";
				ENABLE_NS_ASSERTIONS = NO;
				ENABLE_STRICT_OBJC_MSGSEND = YES;
				GCC_C_LANGUAGE_STANDARD = gnu99;
				GCC_WARN_64_TO_32_BIT_CONVERSION = YES;
				GCC_WARN_ABOUT_RETURN_TYPE = YES_ERROR;
				GCC_WARN_UNDECLARED_SELECTOR = YES;
				GCC_WARN_UNINITIALIZED_AUTOS = YES_AGGRESSIVE;
				GCC_WARN_UNUSED_FUNCTION = YES;
				GCC_WARN_UNUSED_VARIABLE = YES;
				MACOSX_DEPLOYMENT_TARGET = 10.9;
				MTL_ENABLE_DEBUG_INFO = NO;
				SDKROOT = macosx;
				SWIFT_WHOLE_MODULE_OPTIMIZATION = YES;
				VERSIONING_SYSTEM = "apple-generic";
				VERSION_INFO_PREFIX = "";
			};
			name = Release;
		};
		E5BDC5D8196F698C001ABC11 /* Debug */ = {
			isa = XCBuildConfiguration;
			buildSettings = {
				COMBINE_HIDPI_IMAGES = YES;
				DEFINES_MODULE = YES;
				DYLIB_COMPATIBILITY_VERSION = 1;
				DYLIB_CURRENT_VERSION = 1;
				DYLIB_INSTALL_NAME_BASE = "@rpath";
				FRAMEWORK_VERSION = A;
				INFOPLIST_FILE = Lilliput/Info.plist;
				INSTALL_PATH = "$(LOCAL_LIBRARY_DIR)/Frameworks";
				LD_RUNPATH_SEARCH_PATHS = "$(inherited) @executable_path/../Frameworks @loader_path/Frameworks";
				PRODUCT_NAME = "$(TARGET_NAME)";
				SKIP_INSTALL = YES;
			};
			name = Debug;
		};
		E5BDC5D9196F698C001ABC11 /* Release */ = {
			isa = XCBuildConfiguration;
			buildSettings = {
				COMBINE_HIDPI_IMAGES = YES;
				DEFINES_MODULE = YES;
				DYLIB_COMPATIBILITY_VERSION = 1;
				DYLIB_CURRENT_VERSION = 1;
				DYLIB_INSTALL_NAME_BASE = "@rpath";
				FRAMEWORK_VERSION = A;
				INFOPLIST_FILE = Lilliput/Info.plist;
				INSTALL_PATH = "$(LOCAL_LIBRARY_DIR)/Frameworks";
				LD_RUNPATH_SEARCH_PATHS = "$(inherited) @executable_path/../Frameworks @loader_path/Frameworks";
				PRODUCT_NAME = "$(TARGET_NAME)";
				SKIP_INSTALL = YES;
			};
			name = Release;
		};
		E5BDC5DB196F698C001ABC11 /* Debug */ = {
			isa = XCBuildConfiguration;
			buildSettings = {
				COMBINE_HIDPI_IMAGES = YES;
				FRAMEWORK_SEARCH_PATHS = (
					"$(DEVELOPER_FRAMEWORKS_DIR)",
					"$(inherited)",
				);
				GCC_PREPROCESSOR_DEFINITIONS = (
					"DEBUG=1",
					"$(inherited)",
				);
				INFOPLIST_FILE = LilliputTests/Info.plist;
				LD_RUNPATH_SEARCH_PATHS = "$(inherited) @executable_path/../Frameworks @loader_path/../Frameworks";
				PRODUCT_NAME = "$(TARGET_NAME)";
			};
			name = Debug;
		};
		E5BDC5DC196F698C001ABC11 /* Release */ = {
			isa = XCBuildConfiguration;
			buildSettings = {
				COMBINE_HIDPI_IMAGES = YES;
				FRAMEWORK_SEARCH_PATHS = (
					"$(DEVELOPER_FRAMEWORKS_DIR)",
					"$(inherited)",
				);
				INFOPLIST_FILE = LilliputTests/Info.plist;
				LD_RUNPATH_SEARCH_PATHS = "$(inherited) @executable_path/../Frameworks @loader_path/../Frameworks";
				PRODUCT_NAME = "$(TARGET_NAME)";
			};
			name = Release;
		};
/* End XCBuildConfiguration section */

/* Begin XCConfigurationList section */
		E5BDC5BB196F698B001ABC11 /* Build configuration list for PBXProject "Lilliput" */ = {
			isa = XCConfigurationList;
			buildConfigurations = (
				E5BDC5D5196F698C001ABC11 /* Debug */,
				E5BDC5D6196F698C001ABC11 /* Release */,
			);
			defaultConfigurationIsVisible = 0;
			defaultConfigurationName = Release;
		};
		E5BDC5D7196F698C001ABC11 /* Build configuration list for PBXNativeTarget "Lilliput" */ = {
			isa = XCConfigurationList;
			buildConfigurations = (
				E5BDC5D8196F698C001ABC11 /* Debug */,
				E5BDC5D9196F698C001ABC11 /* Release */,
			);
			defaultConfigurationIsVisible = 0;
			defaultConfigurationName = Release;
		};
		E5BDC5DA196F698C001ABC11 /* Build configuration list for PBXNativeTarget "LilliputTests" */ = {
			isa = XCConfigurationList;
			buildConfigurations = (
				E5BDC5DB196F698C001ABC11 /* Debug */,
				E5BDC5DC196F698C001ABC11 /* Release */,
			);
			defaultConfigurationIsVisible = 0;
			defaultConfigurationName = Release;
		};
/* End XCConfigurationList section */
	};
	rootObject = E5BDC5B8196F698B001ABC11 /* Project object */;
}
